// !$*UTF8*$!
{
	archiveVersion = 1;
	classes = {
	};
	objectVersion = 56;
	objects = {

/* Begin PBXBuildFile section */
		B1000000000000000000001 /* PIKAPIKAApp.swift in Sources */ = {isa = PBXBuildFile; fileRef = B1000000000000000000002 /* PIKAPIKAApp.swift */; };
		B1000000000000000000003 /* PetListView.swift in Sources */ = {isa = PBXBuildFile; fileRef = B1000000000000000000004 /* PetListView.swift */; };
		B1000000000000000000501 /* RootView.swift in Sources */ = {isa = PBXBuildFile; fileRef = B1000000000000000000502 /* RootView.swift */; };
		B1000000000000000000503 /* LoginView.swift in Sources */ = {isa = PBXBuildFile; fileRef = B1000000000000000000504 /* LoginView.swift */; };
		B1000000000000000000505 /* AuthSession.swift in Sources */ = {isa = PBXBuildFile; fileRef = B1000000000000000000506 /* AuthSession.swift */; };
		B1000000000000000000507 /* AddPetSheet.swift in Sources */ = {isa = PBXBuildFile; fileRef = B1000000000000000000508 /* AddPetSheet.swift */; };
		B1000000000000000000509 /* PetDetailView.swift in Sources */ = {isa = PBXBuildFile; fileRef = B100000000000000000050A /* PetDetailView.swift */; };
		B100000000000000000050B /* ChatView.swift in Sources */ = {isa = PBXBuildFile; fileRef = B100000000000000000050C /* ChatView.swift */; };
		B100000000000000000050D /* MockAIClient.swift in Sources */ = {isa = PBXBuildFile; fileRef = B100000000000000000050E /* MockAIClient.swift */; };
		B100000000000000000050F /* OpenAIChatClient.swift in Sources */ = {isa = PBXBuildFile; fileRef = B1000000000000000000510 /* OpenAIChatClient.swift */; };
		B1000000000000000000511 /* AIClientProvider.swift in Sources */ = {isa = PBXBuildFile; fileRef = B1000000000000000000512 /* AIClientProvider.swift */; };
		B1000000000000000000513 /* AIClientHolder.swift in Sources */ = {isa = PBXBuildFile; fileRef = B1000000000000000000514 /* AIClientHolder.swift */; };
		B1000000000000000000515 /* SettingsView.swift in Sources */ = {isa = PBXBuildFile; fileRef = B1000000000000000000516 /* SettingsView.swift */; };
		B1000000000000000000519 /* PetAvatarView.swift in Sources */ = {isa = PBXBuildFile; fileRef = B1000000000000000000517 /* PetAvatarView.swift */; };
		B1000000000000000000520 /* PetChatActions.swift in Sources */ = {isa = PBXBuildFile; fileRef = B1000000000000000000518 /* PetChatActions.swift */; };
		B1000000000000000000610 /* PetImageStore.swift in Sources */ = {isa = PBXBuildFile; fileRef = B1000000000000000000620 /* PetImageStore.swift */; };
		B1000000000000000000611 /* PetActionCatalog.swift in Sources */ = {isa = PBXBuildFile; fileRef = B1000000000000000000621 /* PetActionCatalog.swift */; };
		B1000000000000000000612 /* PetScene3DView.swift in Sources */ = {isa = PBXBuildFile; fileRef = B1000000000000000000622 /* PetScene3DView.swift */; };
		B1000000000000000000613 /* PetMemoryFileStore.swift in Sources */ = {isa = PBXBuildFile; fileRef = B1000000000000000000623 /* PetMemoryFileStore.swift */; };
		B1000000000000000000614 /* PetMemoryExtractor.swift in Sources */ = {isa = PBXBuildFile; fileRef = B1000000000000000000624 /* PetMemoryExtractor.swift */; };
		B1000000000000000000615 /* PetMemoryListView.swift in Sources */ = {isa = PBXBuildFile; fileRef = B1000000000000000000625 /* PetMemoryListView.swift */; };
		B1000000000000000000640 /* PIKAPIKATheme.swift in Sources */ = {isa = PBXBuildFile; fileRef = B1000000000000000000634 /* PIKAPIKATheme.swift */; };
		B1000000000000000000641 /* PetSpiritState.swift in Sources */ = {isa = PBXBuildFile; fileRef = B1000000000000000000635 /* PetSpiritState.swift */; };
		B1000000000000000000642 /* PetInteractionStreak.swift in Sources */ = {isa = PBXBuildFile; fileRef = B1000000000000000000636 /* PetInteractionStreak.swift */; };
		B1000000000000000000643 /* PikaComponents.swift in Sources */ = {isa = PBXBuildFile; fileRef = B1000000000000000000637 /* PikaComponents.swift */; };
		B1000000000000000000644 /* PetSoundEngine.swift in Sources */ = {isa = PBXBuildFile; fileRef = B1000000000000000000638 /* PetSoundEngine.swift */; };
		B1000000000000000000645 /* VoiceInputManager.swift in Sources */ = {isa = PBXBuildFile; fileRef = B1000000000000000000639 /* VoiceInputManager.swift */; };
		B1000000000000000000646 /* PetCustomizationSheet.swift in Sources */ = {isa = PBXBuildFile; fileRef = B1000000000000000000647 /* PetCustomizationSheet.swift */; };
		B1000000000000000000648 /* AIUsagePolicy.swift in Sources */ = {isa = PBXBuildFile; fileRef = B1000000000000000000649 /* AIUsagePolicy.swift */; };
		B1000000000000000000650 /* VoiceIntentRouter.swift in Sources */ = {isa = PBXBuildFile; fileRef = B1000000000000000000651 /* VoiceIntentRouter.swift */; };
		B1000000000000000000005 /* Assets.xcassets in Resources */ = {isa = PBXBuildFile; fileRef = B1000000000000000000006 /* Assets.xcassets */; };
		B1000000000000000000700 /* AuthenticationServices.framework in Frameworks */ = {isa = PBXBuildFile; fileRef = B1000000000000000000701 /* AuthenticationServices.framework */; };
		B1000902 /* AuthSessionTests.swift in Sources */ = {isa = PBXBuildFile; fileRef = B1000901 /* AuthSessionTests.swift */; };
		B1000904 /* MockAIClientTests.swift in Sources */ = {isa = PBXBuildFile; fileRef = B1000903 /* MockAIClientTests.swift */; };
		B100090D /* XCTest.framework in Frameworks */ = {isa = PBXBuildFile; fileRef = B100090C /* XCTest.framework */; };
/* End PBXBuildFile section */

/* Begin PBXFileReference section */
		B1000000000000000000007 /* PIKAPIKA.app */ = {isa = PBXFileReference; explicitFileType = wrapper.application; includeInIndex = 0; path = PIKAPIKA.app; sourceTree = BUILT_PRODUCTS_DIR; };
		B1000000000000000000002 /* PIKAPIKAApp.swift */ = {isa = PBXFileReference; lastKnownFileType = sourcecode.swift; path = PIKAPIKAApp.swift; sourceTree = "<group>"; };
		B1000000000000000000004 /* PetListView.swift */ = {isa = PBXFileReference; lastKnownFileType = sourcecode.swift; path = PetListView.swift; sourceTree = "<group>"; };
		B1000000000000000000502 /* RootView.swift */ = {isa = PBXFileReference; lastKnownFileType = sourcecode.swift; path = RootView.swift; sourceTree = "<group>"; };
		B1000000000000000000504 /* LoginView.swift */ = {isa = PBXFileReference; lastKnownFileType = sourcecode.swift; path = LoginView.swift; sourceTree = "<group>"; };
		B1000000000000000000506 /* AuthSession.swift */ = {isa = PBXFileReference; lastKnownFileType = sourcecode.swift; path = AuthSession.swift; sourceTree = "<group>"; };
		B1000000000000000000508 /* AddPetSheet.swift */ = {isa = PBXFileReference; lastKnownFileType = sourcecode.swift; path = AddPetSheet.swift; sourceTree = "<group>"; };
		B100000000000000000050A /* PetDetailView.swift */ = {isa = PBXFileReference; lastKnownFileType = sourcecode.swift; path = PetDetailView.swift; sourceTree = "<group>"; };
		B100000000000000000050C /* ChatView.swift */ = {isa = PBXFileReference; lastKnownFileType = sourcecode.swift; path = ChatView.swift; sourceTree = "<group>"; };
		B100000000000000000050E /* MockAIClient.swift */ = {isa = PBXFileReference; lastKnownFileType = sourcecode.swift; path = MockAIClient.swift; sourceTree = "<group>"; };
		B1000000000000000000510 /* OpenAIChatClient.swift */ = {isa = PBXFileReference; lastKnownFileType = sourcecode.swift; path = OpenAIChatClient.swift; sourceTree = "<group>"; };
		B1000000000000000000512 /* AIClientProvider.swift */ = {isa = PBXFileReference; lastKnownFileType = sourcecode.swift; path = AIClientProvider.swift; sourceTree = "<group>"; };
		B1000000000000000000514 /* AIClientHolder.swift */ = {isa = PBXFileReference; lastKnownFileType = sourcecode.swift; path = AIClientHolder.swift; sourceTree = "<group>"; };
		B1000000000000000000516 /* SettingsView.swift */ = {isa = PBXFileReference; lastKnownFileType = sourcecode.swift; path = SettingsView.swift; sourceTree = "<group>"; };
		B1000000000000000000517 /* PetAvatarView.swift */ = {isa = PBXFileReference; lastKnownFileType = sourcecode.swift; path = PetAvatarView.swift; sourceTree = "<group>"; };
		B1000000000000000000518 /* PetChatActions.swift */ = {isa = PBXFileReference; lastKnownFileType = sourcecode.swift; path = PetChatActions.swift; sourceTree = "<group>"; };
		B1000000000000000000620 /* PetImageStore.swift */ = {isa = PBXFileReference; lastKnownFileType = sourcecode.swift; path = PetImageStore.swift; sourceTree = "<group>"; };
		B1000000000000000000621 /* PetActionCatalog.swift */ = {isa = PBXFileReference; lastKnownFileType = sourcecode.swift; path = PetActionCatalog.swift; sourceTree = "<group>"; };
		B1000000000000000000622 /* PetScene3DView.swift */ = {isa = PBXFileReference; lastKnownFileType = sourcecode.swift; path = PetScene3DView.swift; sourceTree = "<group>"; };
		B1000000000000000000623 /* PetMemoryFileStore.swift */ = {isa = PBXFileReference; lastKnownFileType = sourcecode.swift; path = PetMemoryFileStore.swift; sourceTree = "<group>"; };
		B1000000000000000000624 /* PetMemoryExtractor.swift */ = {isa = PBXFileReference; lastKnownFileType = sourcecode.swift; path = PetMemoryExtractor.swift; sourceTree = "<group>"; };
		B1000000000000000000625 /* PetMemoryListView.swift */ = {isa = PBXFileReference; lastKnownFileType = sourcecode.swift; path = PetMemoryListView.swift; sourceTree = "<group>"; };
		B1000000000000000000634 /* PIKAPIKATheme.swift */ = {isa = PBXFileReference; lastKnownFileType = sourcecode.swift; path = PIKAPIKATheme.swift; sourceTree = "<group>"; };
		B1000000000000000000635 /* PetSpiritState.swift */ = {isa = PBXFileReference; lastKnownFileType = sourcecode.swift; path = PetSpiritState.swift; sourceTree = "<group>"; };
		B1000000000000000000636 /* PetInteractionStreak.swift */ = {isa = PBXFileReference; lastKnownFileType = sourcecode.swift; path = PetInteractionStreak.swift; sourceTree = "<group>"; };
		B1000000000000000000637 /* PikaComponents.swift */ = {isa = PBXFileReference; lastKnownFileType = sourcecode.swift; path = PikaComponents.swift; sourceTree = "<group>"; };
		B1000000000000000000638 /* PetSoundEngine.swift */ = {isa = PBXFileReference; lastKnownFileType = sourcecode.swift; path = PetSoundEngine.swift; sourceTree = "<group>"; };
		B1000000000000000000639 /* VoiceInputManager.swift */ = {isa = PBXFileReference; lastKnownFileType = sourcecode.swift; path = VoiceInputManager.swift; sourceTree = "<group>"; };
		B1000000000000000000647 /* PetCustomizationSheet.swift */ = {isa = PBXFileReference; lastKnownFileType = sourcecode.swift; path = PetCustomizationSheet.swift; sourceTree = "<group>"; };
		B1000000000000000000649 /* AIUsagePolicy.swift */ = {isa = PBXFileReference; lastKnownFileType = sourcecode.swift; path = AIUsagePolicy.swift; sourceTree = "<group>"; };
		B1000000000000000000651 /* VoiceIntentRouter.swift */ = {isa = PBXFileReference; lastKnownFileType = sourcecode.swift; path = VoiceIntentRouter.swift; sourceTree = "<group>"; };
		B1000000000000000000006 /* Assets.xcassets */ = {isa = PBXFileReference; lastKnownFileType = folder.assetcatalog; path = Assets.xcassets; sourceTree = "<group>"; };
		B1000000000000000000600 /* Info.plist */ = {isa = PBXFileReference; lastKnownFileType = text.plist.xml; path = Info.plist; sourceTree = "<group>"; };
		B1000000000000000000601 /* PIKAPIKA.entitlements */ = {isa = PBXFileReference; lastKnownFileType = text.plist.entitlements; path = PIKAPIKA.entitlements; sourceTree = "<group>"; };
		B1000000000000000000701 /* AuthenticationServices.framework */ = {isa = PBXFileReference; lastKnownFileType = wrapper.framework; name = AuthenticationServices.framework; path = System/Library/Frameworks/AuthenticationServices.framework; sourceTree = SDKROOT; };
		B1000900 /* PIKAPIKATests.xctest */ = {isa = PBXFileReference; explicitFileType = wrapper.cfbundle; includeInIndex = 0; path = PIKAPIKATests.xctest; sourceTree = BUILT_PRODUCTS_DIR; };
		B1000901 /* AuthSessionTests.swift */ = {isa = PBXFileReference; lastKnownFileType = sourcecode.swift; path = AuthSessionTests.swift; sourceTree = "<group>"; };
		B1000903 /* MockAIClientTests.swift */ = {isa = PBXFileReference; lastKnownFileType = sourcecode.swift; path = MockAIClientTests.swift; sourceTree = "<group>"; };
		B100090C /* XCTest.framework */ = {isa = PBXFileReference; lastKnownFileType = wrapper.framework; name = XCTest.framework; path = System/Library/Frameworks/XCTest.framework; sourceTree = SDKROOT; };
/* End PBXFileReference section */

/* Begin PBXFrameworksBuildPhase section */
		B1000000000000000000008 /* Frameworks */ = {
			isa = PBXFrameworksBuildPhase;
			buildActionMask = 2147483647;
			files = (
				B1000000000000000000700 /* AuthenticationServices.framework in Frameworks */,
			);
			runOnlyForDeploymentPostprocessing = 0;
		};
		B1000908 /* Frameworks */ = {
			isa = PBXFrameworksBuildPhase;
			buildActionMask = 2147483647;
			files = (
				B100090D /* XCTest.framework in Frameworks */,
			);
			runOnlyForDeploymentPostprocessing = 0;
		};
/* End PBXFrameworksBuildPhase section */

/* Begin PBXGroup section */
		B1000000000000000000009 = {
			isa = PBXGroup;
			children = (
				B100000000000000000000A /* PIKAPIKA */,
				B1000000000000000000910 /* PIKAPIKATests */,
				B100000000000000000000B /* Products */,
			);
			sourceTree = "<group>";
		};
		B100000000000000000000B /* Products */ = {
			isa = PBXGroup;
			children = (
				B1000000000000000000007 /* PIKAPIKA.app */,
				B1000900 /* PIKAPIKATests.xctest */,
			);
			name = Products;
			sourceTree = "<group>";
		};
		B1000000000000000000910 /* PIKAPIKATests */ = {
			isa = PBXGroup;
			children = (
				B1000901 /* AuthSessionTests.swift */,
				B1000903 /* MockAIClientTests.swift */,
			);
			path = PIKAPIKATests;
			sourceTree = "<group>";
		};
		B100000000000000000000A /* PIKAPIKA */ = {
			isa = PBXGroup;
			children = (
				B1000000000000000000002 /* PIKAPIKAApp.swift */,
				B1000000000000000000502 /* RootView.swift */,
				B1000000000000000000504 /* LoginView.swift */,
				B1000000000000000000506 /* AuthSession.swift */,
				B1000000000000000000004 /* PetListView.swift */,
				B1000000000000000000508 /* AddPetSheet.swift */,
				B100000000000000000050A /* PetDetailView.swift */,
				B1000000000000000000517 /* PetAvatarView.swift */,
				B1000000000000000000518 /* PetChatActions.swift */,
				B1000000000000000000620 /* PetImageStore.swift */,
				B1000000000000000000621 /* PetActionCatalog.swift */,
				B1000000000000000000622 /* PetScene3DView.swift */,
				B1000000000000000000623 /* PetMemoryFileStore.swift */,
				B1000000000000000000624 /* PetMemoryExtractor.swift */,
				B1000000000000000000625 /* PetMemoryListView.swift */,
				B1000000000000000000634 /* PIKAPIKATheme.swift */,
				B1000000000000000000635 /* PetSpiritState.swift */,
				B1000000000000000000636 /* PetInteractionStreak.swift */,
				B1000000000000000000637 /* PikaComponents.swift */,
				B1000000000000000000638 /* PetSoundEngine.swift */,
				B1000000000000000000639 /* VoiceInputManager.swift */,
				B1000000000000000000647 /* PetCustomizationSheet.swift */,
				B1000000000000000000649 /* AIUsagePolicy.swift */,
				B1000000000000000000651 /* VoiceIntentRouter.swift */,
				B100000000000000000050C /* ChatView.swift */,
				B100000000000000000050E /* MockAIClient.swift */,
				B1000000000000000000510 /* OpenAIChatClient.swift */,
				B1000000000000000000512 /* AIClientProvider.swift */,
				B1000000000000000000514 /* AIClientHolder.swift */,
				B1000000000000000000516 /* SettingsView.swift */,
				B1000000000000000000006 /* Assets.xcassets */,
				B1000000000000000000600 /* Info.plist */,
				B1000000000000000000601 /* PIKAPIKA.entitlements */,
			);
			path = PIKAPIKA;
			sourceTree = "<group>";
		};
/* End PBXGroup section */

/* Begin PBXNativeTarget section */
		B100000000000000000000C /* PIKAPIKA */ = {
			isa = PBXNativeTarget;
			buildConfigurationList = B100000000000000000000D /* Build configuration list for PBXNativeTarget "PIKAPIKA" */;
			buildPhases = (
				B100000000000000000000E /* Sources */,
				B1000000000000000000008 /* Frameworks */,
				B100000000000000000000F /* Resources */,
			);
			buildRules = (
			);
			dependencies = (
			);
			name = PIKAPIKA;
			packageProductDependencies = (
				B1000000000000000000010 /* PikaCore */,
				B1000000000000000000801 /* GoogleSignIn */,
			);
			productName = PIKAPIKA;
			productReference = B1000000000000000000007 /* PIKAPIKA.app */;
			productType = "com.apple.product-type.application";
		};
		B1000905 /* PIKAPIKATests */ = {
			isa = PBXNativeTarget;
			buildConfigurationList = B1000906 /* Build configuration list for PBXNativeTarget "PIKAPIKATests" */;
			buildPhases = (
				B1000907 /* Sources */,
				B1000908 /* Frameworks */,
				B1000909 /* Resources */,
			);
			buildRules = (
			);
			dependencies = (
				B1000914 /* PBXTargetDependency */,
			);
			name = PIKAPIKATests;
			productName = PIKAPIKATests;
			productReference = B1000900 /* PIKAPIKATests.xctest */;
			productType = "com.apple.product-type.bundle.unit-test";
		};
/* End PBXNativeTarget section */

/* Begin PBXProject section */
		B1000000000000000000011 /* Project object */ = {
			isa = PBXProject;
			attributes = {
				BuildIndependentTargetsInParallel = 1;
				LastSwiftUpdateCheck = 1500;
				LastUpgradeCheck = 1500;
				TargetAttributes = {
					B100000000000000000000C = {
						CreatedOnToolsVersion = 15.0;
					};
					B1000905 = {
						CreatedOnToolsVersion = 15.0;
						TestTargetID = B100000000000000000000C;
					};
				};
			};
			buildConfigurationList = B1000000000000000000012 /* Build configuration list for PBXProject "PIKAPIKA" */;
			compatibilityVersion = "Xcode 14.0";
			developmentRegion = en;
			hasScannedForEncodings = 0;
			knownRegions = (
				en,
				Base,
			);
			mainGroup = B1000000000000000000009;
			packageReferences = (
				B1000000000000000000013 /* XCLocalSwiftPackageReference */,
				B1000000000000000000800 /* XCRemoteSwiftPackageReference "GoogleSignIn-iOS" */,
			);
			productRefGroup = B100000000000000000000B /* Products */;
			projectDirPath = "";
			projectRoot = "";
			targets = (
				B100000000000000000000C /* PIKAPIKA */,
				B1000905 /* PIKAPIKATests */,
			);
		};
/* End PBXProject section */

/* Begin PBXResourcesBuildPhase section */
		B100000000000000000000F /* Resources */ = {
			isa = PBXResourcesBuildPhase;
			buildActionMask = 2147483647;
			files = (
				B1000000000000000000005 /* Assets.xcassets in Resources */,
			);
			runOnlyForDeploymentPostprocessing = 0;
		};
		B1000909 /* Resources */ = {
			isa = PBXResourcesBuildPhase;
			buildActionMask = 2147483647;
			files = (
			);
			runOnlyForDeploymentPostprocessing = 0;
		};
/* End PBXResourcesBuildPhase section */

/* Begin PBXSourcesBuildPhase section */
		B100000000000000000000E /* Sources */ = {
			isa = PBXSourcesBuildPhase;
			buildActionMask = 2147483647;
			files = (
				B1000000000000000000001 /* PIKAPIKAApp.swift in Sources */,
				B1000000000000000000501 /* RootView.swift in Sources */,
				B1000000000000000000503 /* LoginView.swift in Sources */,
				B1000000000000000000505 /* AuthSession.swift in Sources */,
				B1000000000000000000003 /* PetListView.swift in Sources */,
				B1000000000000000000507 /* AddPetSheet.swift in Sources */,
				B1000000000000000000509 /* PetDetailView.swift in Sources */,
				B1000000000000000000519 /* PetAvatarView.swift in Sources */,
				B1000000000000000000520 /* PetChatActions.swift in Sources */,
				B1000000000000000000610 /* PetImageStore.swift in Sources */,
				B1000000000000000000611 /* PetActionCatalog.swift in Sources */,
				B1000000000000000000612 /* PetScene3DView.swift in Sources */,
				B1000000000000000000613 /* PetMemoryFileStore.swift in Sources */,
				B1000000000000000000614 /* PetMemoryExtractor.swift in Sources */,
				B1000000000000000000615 /* PetMemoryListView.swift in Sources */,
				B1000000000000000000640 /* PIKAPIKATheme.swift in Sources */,
				B1000000000000000000641 /* PetSpiritState.swift in Sources */,
				B1000000000000000000642 /* PetInteractionStreak.swift in Sources */,
				B1000000000000000000643 /* PikaComponents.swift in Sources */,
				B1000000000000000000644 /* PetSoundEngine.swift in Sources */,
				B1000000000000000000645 /* VoiceInputManager.swift in Sources */,
				B1000000000000000000646 /* PetCustomizationSheet.swift in Sources */,
				B1000000000000000000648 /* AIUsagePolicy.swift in Sources */,
				B1000000000000000000650 /* VoiceIntentRouter.swift in Sources */,
				B100000000000000000050B /* ChatView.swift in Sources */,
				B100000000000000000050D /* MockAIClient.swift in Sources */,
				B100000000000000000050F /* OpenAIChatClient.swift in Sources */,
				B1000000000000000000511 /* AIClientProvider.swift in Sources */,
				B1000000000000000000513 /* AIClientHolder.swift in Sources */,
				B1000000000000000000515 /* SettingsView.swift in Sources */,
			);
			runOnlyForDeploymentPostprocessing = 0;
		};
		B1000907 /* Sources */ = {
			isa = PBXSourcesBuildPhase;
			buildActionMask = 2147483647;
			files = (
				B1000902 /* AuthSessionTests.swift in Sources */,
				B1000904 /* MockAIClientTests.swift in Sources */,
			);
			runOnlyForDeploymentPostprocessing = 0;
		};
/* End PBXSourcesBuildPhase section */

/* Begin PBXContainerItemProxy section */
		B1000913 /* PBXContainerItemProxy */ = {
			isa = PBXContainerItemProxy;
			containerPortal = B1000000000000000000011 /* Project object */;
			proxyType = 1;
			remoteGlobalIDString = B100000000000000000000C;
			remoteInfo = PIKAPIKA;
		};
/* End PBXContainerItemProxy section */

/* Begin PBXTargetDependency section */
		B1000914 /* PBXTargetDependency */ = {
			isa = PBXTargetDependency;
			target = B100000000000000000000C /* PIKAPIKA */;
			targetProxy = B1000913 /* PBXContainerItemProxy */;
		};
/* End PBXTargetDependency section */

/* Begin XCBuildConfiguration section */
		B1000000000000000000014 /* Debug */ = {
			isa = XCBuildConfiguration;
			buildSettings = {
				ALWAYS_SEARCH_USER_PATHS = NO;
				ASSETCATALOG_COMPILER_GENERATE_SWIFT_ASSET_SYMBOL_EXTENSIONS = YES;
				CLANG_ANALYZER_NONNULL = YES;
				CLANG_ENABLE_MODULES = YES;
				CLANG_ENABLE_OBJC_ARC = YES;
				COPY_PHASE_STRIP = NO;
				DEBUG_INFORMATION_FORMAT = dwarf;
				ENABLE_STRICT_OBJC_MSGSEND = YES;
				ENABLE_TESTABILITY = YES;
				GCC_DYNAMIC_NO_PIC = NO;
				GCC_OPTIMIZATION_LEVEL = 0;
				GCC_PREPROCESSOR_DEFINITIONS = (
					"DEBUG=1",
					"$(inherited)",
				);
				MTL_ENABLE_DEBUG_INFO = INCLUDE_SOURCE;
				ONLY_ACTIVE_ARCH = YES;
				SWIFT_ACTIVE_COMPILATION_CONDITIONS = "DEBUG $(inherited)";
				SWIFT_OPTIMIZATION_LEVEL = "-Onone";
			};
			name = Debug;
		};
		B1000000000000000000015 /* Release */ = {
			isa = XCBuildConfiguration;
			buildSettings = {
				ALWAYS_SEARCH_USER_PATHS = NO;
				ASSETCATALOG_COMPILER_GENERATE_SWIFT_ASSET_SYMBOL_EXTENSIONS = YES;
				CLANG_ANALYZER_NONNULL = YES;
				CLANG_ENABLE_MODULES = YES;
				CLANG_ENABLE_OBJC_ARC = YES;
				COPY_PHASE_STRIP = NO;
				DEBUG_INFORMATION_FORMAT = "dwarf-with-dsym";
				ENABLE_NS_ASSERTIONS = NO;
				ENABLE_STRICT_OBJC_MSGSEND = YES;
				MTL_ENABLE_DEBUG_INFO = NO;
				SWIFT_COMPILATION_MODE = wholemodule;
			};
			name = Release;
		};
		B1000000000000000000016 /* Debug */ = {
			isa = XCBuildConfiguration;
			buildSettings = {
				CODE_SIGN_ENTITLEMENTS = PIKAPIKA/PIKAPIKA.entitlements;
				CODE_SIGN_STYLE = Automatic;
				CURRENT_PROJECT_VERSION = 1;
				DEVELOPMENT_TEAM = "";
				ENABLE_PREVIEWS = YES;
				ENABLE_TESTABILITY = YES;
				GENERATE_INFOPLIST_FILE = NO;
				INFOPLIST_FILE = PIKAPIKA/Info.plist;
				IPHONEOS_DEPLOYMENT_TARGET = 17.0;
				LD_RUNPATH_SEARCH_PATHS = (
					"$(inherited)",
					"@executable_path/Frameworks",
				);
				MARKETING_VERSION = 1.0;
				PRODUCT_BUNDLE_IDENTIFIER = com.pikapika.PIKAPIKA;
				PRODUCT_NAME = "$(TARGET_NAME)";
				SUPPORTED_PLATFORMS = "iphoneos iphonesimulator";
				SWIFT_EMIT_LOC_STRINGS = YES;
				SWIFT_VERSION = 5.0;
				TARGETED_DEVICE_FAMILY = "1,2";
			};
			name = Debug;
		};
		B1000000000000000000017 /* Release */ = {
			isa = XCBuildConfiguration;
			buildSettings = {
				CODE_SIGN_ENTITLEMENTS = PIKAPIKA/PIKAPIKA.entitlements;
				CODE_SIGN_STYLE = Automatic;
				CURRENT_PROJECT_VERSION = 1;
				DEVELOPMENT_TEAM = "";
				ENABLE_PREVIEWS = YES;
				GENERATE_INFOPLIST_FILE = NO;
				INFOPLIST_FILE = PIKAPIKA/Info.plist;
				IPHONEOS_DEPLOYMENT_TARGET = 17.0;
				LD_RUNPATH_SEARCH_PATHS = (
					"$(inherited)",
					"@executable_path/Frameworks",
				);
				MARKETING_VERSION = 1.0;
				PRODUCT_BUNDLE_IDENTIFIER = com.pikapika.PIKAPIKA;
				PRODUCT_NAME = "$(TARGET_NAME)";
				SUPPORTED_PLATFORMS = "iphoneos iphonesimulator";
				SWIFT_EMIT_LOC_STRINGS = YES;
				SWIFT_VERSION = 5.0;
				TARGETED_DEVICE_FAMILY = "1,2";
			};
			name = Release;
		};
		B1000911 /* Debug */ = {
			isa = XCBuildConfiguration;
			buildSettings = {
				BUNDLE_LOADER = "$(TEST_HOST)";
				CODE_SIGN_STYLE = Automatic;
				CURRENT_PROJECT_VERSION = 1;
				DEVELOPMENT_TEAM = "";
				GENERATE_INFOPLIST_FILE = YES;
				IPHONEOS_DEPLOYMENT_TARGET = 17.0;
				MARKETING_VERSION = 1.0;
				PRODUCT_BUNDLE_IDENTIFIER = com.pikapika.PIKAPIKATests;
				PRODUCT_NAME = "$(TARGET_NAME)";
				SUPPORTED_PLATFORMS = "iphoneos iphonesimulator";
				SWIFT_EMIT_LOC_STRINGS = NO;
				SWIFT_VERSION = 5.0;
				TARGETED_DEVICE_FAMILY = "1,2";
				TEST_HOST = "$(BUILT_PRODUCTS_DIR)/PIKAPIKA.app/PIKAPIKA";
			};
			name = Debug;
		};
		B1000912 /* Release */ = {
			isa = XCBuildConfiguration;
			buildSettings = {
				BUNDLE_LOADER = "$(TEST_HOST)";
				CODE_SIGN_STYLE = Automatic;
				CURRENT_PROJECT_VERSION = 1;
				DEVELOPMENT_TEAM = "";
				GENERATE_INFOPLIST_FILE = YES;
				IPHONEOS_DEPLOYMENT_TARGET = 17.0;
				MARKETING_VERSION = 1.0;
				PRODUCT_BUNDLE_IDENTIFIER = com.pikapika.PIKAPIKATests;
				PRODUCT_NAME = "$(TARGET_NAME)";
				SUPPORTED_PLATFORMS = "iphoneos iphonesimulator";
				SWIFT_EMIT_LOC_STRINGS = NO;
				SWIFT_VERSION = 5.0;
				TARGETED_DEVICE_FAMILY = "1,2";
				TEST_HOST = "$(BUILT_PRODUCTS_DIR)/PIKAPIKA.app/PIKAPIKA";
			};
			name = Release;
		};
/* End XCBuildConfiguration section */

/* Begin XCConfigurationList section */
		B1000000000000000000012 /* Build configuration list for PBXProject "PIKAPIKA" */ = {
			isa = XCConfigurationList;
			buildConfigurations = (
				B1000000000000000000014 /* Debug */,
				B1000000000000000000015 /* Release */,
			);
			defaultConfigurationIsVisible = 0;
			defaultConfigurationName = Release;
		};
		B100000000000000000000D /* Build configuration list for PBXNativeTarget "PIKAPIKA" */ = {
			isa = XCConfigurationList;
			buildConfigurations = (
				B1000000000000000000016 /* Debug */,
				B1000000000000000000017 /* Release */,
			);
			defaultConfigurationIsVisible = 0;
			defaultConfigurationName = Release;
		};
		B1000906 /* Build configuration list for PBXNativeTarget "PIKAPIKATests" */ = {
			isa = XCConfigurationList;
			buildConfigurations = (
				B1000911 /* Debug */,
				B1000912 /* Release */,
			);
			defaultConfigurationIsVisible = 0;
			defaultConfigurationName = Release;
		};
/* End XCConfigurationList section */

/* Begin XCLocalSwiftPackageReference section */
		B1000000000000000000013 /* XCLocalSwiftPackageReference */ = {
			isa = XCLocalSwiftPackageReference;
			relativePath = ../../Packages/PikaCore;
		};
/* End XCLocalSwiftPackageReference section */

/* Begin XCRemoteSwiftPackageReference section */
		B1000000000000000000800 /* XCRemoteSwiftPackageReference "GoogleSignIn-iOS" */ = {
			isa = XCRemoteSwiftPackageReference;
			repositoryURL = "https://github.com/google/GoogleSignIn-iOS";
			requirement = {
				kind = upToNextMajorVersion;
				minimumVersion = 8.0.0;
			};
		};
/* End XCRemoteSwiftPackageReference section */

/* Begin XCSwiftPackageProductDependency section */
		B1000000000000000000010 /* PikaCore */ = {
			isa = XCSwiftPackageProductDependency;
			package = B1000000000000000000013 /* XCLocalSwiftPackageReference */;
			productName = PikaCore;
		};
		B1000000000000000000801 /* GoogleSignIn */ = {
			isa = XCSwiftPackageProductDependency;
			package = B1000000000000000000800 /* XCRemoteSwiftPackageReference "GoogleSignIn-iOS" */;
			productName = GoogleSignIn;
		};
/* End XCSwiftPackageProductDependency section */
	};
	rootObject = B1000000000000000000011 /* Project object */;
}
